{
  "version": "5",
  "specifiers": {
    "jsr:@b-fuze/deno-dom@*": "0.1.56",
    "jsr:@b-fuze/deno-dom@0.1.56": "0.1.56",
    "jsr:@std/csv@*": "1.0.6",
    "jsr:@std/csv@1.0.6": "1.0.6",
    "jsr:@std/streams@^1.0.9": "1.0.16"
  },
  "jsr": {
    "@b-fuze/deno-dom@0.1.56": {
      "integrity": "8030e2dc1d8750f1682b53462ab893d9c3470f2287feecbe22f44a88c54ab148"
    },
    "@std/csv@1.0.6": {
      "integrity": "52ef0e62799a0028d278fa04762f17f9bd263fad9a8e7f98c14fbd371d62d9fd",
      "dependencies": [
        "jsr:@std/streams"
      ]
    },
    "@std/streams@1.0.16": {
      "integrity": "85030627befb1767c60d4f65cb30fa2f94af1d6ee6e5b2515b76157a542e89c4"
    }
  },
  "workspace": {
    "packageJson": {
      "dependencies": [
        "npm:@base-ui/react@1",
        "npm:@tailwindcss/postcss@4",
        "npm:@types/node@20",
        "npm:@types/react-dom@19",
        "npm:@types/react@19",
        "npm:babel-plugin-react-compiler@1.0.0",
        "npm:dayjs@^1.11.19",
        "npm:embla-carousel-react@^8.6.0",
        "npm:embla-carousel-wheel-gestures@^8.1.0",
        "npm:embla-carousel@^8.6.0",
        "npm:eslint-config-next@16.0.7",
        "npm:eslint@9",
        "npm:motion@^12.23.26",
        "npm:next@16.0.7",
        "npm:react-dom@19.2.3",
        "npm:react-markdown@^10.1.0",
        "npm:react-use-measure@^2.1.7",
        "npm:react@19.2.3",
        "npm:sheethuahua@^3.2.0",
        "npm:tailwindcss@4",
        "npm:typescript@5",
        "npm:zustand@^5.0.9"
      ]
    }
  }
}
